
Microsoft Visual Studio Solution File, Format Version 12.00
# Visual Studio Version 16
VisualStudioVersion = 16.0.30011.22
MinimumVisualStudioVersion = 10.0.40219.1
Project("{FAE04EC0-301F-11D3-BF4B-00C04F79EFBC}") = "Covid19Client", "Covid19Client.csproj", "{9BD4D5EE-B2F7-4D05-B937-7B4531D4C52B}"
EndProject
Global
	GlobalSection(SolutionConfigurationPlatforms) = preSolution
		Debug|Any CPU = Debug|Any CPU
		Release|Any CPU = Release|Any CPU
	EndGlobalSection
	GlobalSection(ProjectConfigurationPlatforms) = postSolution
		{9BD4D5EE-B2F7-4D05-B937-7B4531D4C52B}.Debug|Any CPU.ActiveCfg = Debug|Any CPU
		{9BD4D5EE-B2F7-4D05-B937-7B4531D4C52B}.Debug|Any CPU.Build.0 = Debug|Any CPU
		{9BD4D5EE-B2F7-4D05-B937-7B4531D4C52B}.Release|Any CPU.ActiveCfg = Release|Any CPU
		{9BD4D5EE-B2F7-4D05-B937-7B4531D4C52B}.Release|Any CPU.Build.0 = Release|Any CPU
	EndGlobalSection
	GlobalSection(SolutionProperties) = preSolution
		HideSolutionNode = FALSE
	EndGlobalSection
	GlobalSection(ExtensibilityGlobals) = postSolution
		SolutionGuid = {1737BD30-AD75-4EB3-BEB3-D8843B092157}
	EndGlobalSection
EndGlobal
